{
  "name": "cli-kt",
  "version": "1.0.2",
  "lockfileVersion": 3,
  "requires": true,
  "packages": {
    "": {
      "name": "cli-kt",
      "version": "1.0.2",
      "license": "ISC",
      "dependencies": {
        "chalk": "^5.4.1",
        "random-words": "^2.0.1",
        "readline": "^1.3.0"
      },
      "bin": {
        "cli-kt": "index.js"
      }
    },
    "node_modules/chalk": {
      "version": "5.4.1",
      "resolved": "https://registry.npmjs.org/chalk/-/chalk-5.4.1.tgz",
      "integrity": "sha512-zgVZuo2WcZgfUEmsn6eO3kINexW8RAE4maiQ8QNs8CtpPCSyMiYsULR3HQYkm3w8FIA3SberyMJMSldGsW+U3w==",
      "license": "MIT",
      "engines": {
        "node": "^12.17.0 || ^14.13 || >=16.0.0"
      },
      "funding": {
        "url": "https://github.com/chalk/chalk?sponsor=1"
      }
    },
    "node_modules/random-words": {
      "version": "2.0.1",
      "resolved": "https://registry.npmjs.org/random-words/-/random-words-2.0.1.tgz",
      "integrity": "sha512-nZNJAmgcFmtJMTDDIUCm/iK4R6RydC6NvALvWhYItXQrgYGk1F7Gww416LpVROFQtfVd5TaLEf4WuSsko03N7w==",
      "license": "MIT",
      "dependencies": {
        "seedrandom": "^3.0.5"
      }
    },
    "node_modules/readline": {
      "version": "1.3.0",
      "resolved": "https://registry.npmjs.org/readline/-/readline-1.3.0.tgz",
      "integrity": "sha512-k2d6ACCkiNYz222Fs/iNze30rRJ1iIicW7JuX/7/cozvih6YCkFZH+J6mAFDVgv0dRBaAyr4jDqC95R2y4IADg==",
      "license": "BSD"
    },
    "node_modules/seedrandom": {
      "version": "3.0.5",
      "resolved": "https://registry.npmjs.org/seedrandom/-/seedrandom-3.0.5.tgz",
      "integrity": "sha512-8OwmbklUNzwezjGInmZ+2clQmExQPvomqjL7LFqOYqtmuxRgQYqOD3mHaU+MvZn5FLUeVxVfQjwLZW/n/JFuqg==",
      "license": "MIT"
    }
  }
}
